
Microsoft Visual Studio Solution File, Format Version 12.00
# Visual Studio Version 17
VisualStudioVersion = 17.5.33424.131
MinimumVisualStudioVersion = 10.0.40219.1
Project("{9A19103F-16F7-4668-BE54-9A1E7A4F7556}") = "Task5_Reflection", "Task5_Reflection\Task5_Reflection.csproj", "{A902BD86-635D-4F07-A139-A3DF0F24EFFA}"
EndProject
Project("{FAE04EC0-301F-11D3-BF4B-00C04F79EFBC}") = "DllForReflection", "DllForReflection\DllForReflection.csproj", "{FA0E3C99-2566-47B7-8341-45E0F617ED2D}"
EndProject
Project("{FAE04EC0-301F-11D3-BF4B-00C04F79EFBC}") = "AttributesProject", "AttributesProject\AttributesProject.csproj", "{9F107BB1-82CF-4C34-95DE-EAF2A38A8430}"
EndProject
Global
	GlobalSection(SolutionConfigurationPlatforms) = preSolution
		Debug|Any CPU = Debug|Any CPU
		Release|Any CPU = Release|Any CPU
	EndGlobalSection
	GlobalSection(ProjectConfigurationPlatforms) = postSolution
		{A902BD86-635D-4F07-A139-A3DF0F24EFFA}.Debug|Any CPU.ActiveCfg = Debug|Any CPU
		{A902BD86-635D-4F07-A139-A3DF0F24EFFA}.Debug|Any CPU.Build.0 = Debug|Any CPU
		{A902BD86-635D-4F07-A139-A3DF0F24EFFA}.Release|Any CPU.ActiveCfg = Release|Any CPU
		{A902BD86-635D-4F07-A139-A3DF0F24EFFA}.Release|Any CPU.Build.0 = Release|Any CPU
		{FA0E3C99-2566-47B7-8341-45E0F617ED2D}.Debug|Any CPU.ActiveCfg = Debug|Any CPU
		{FA0E3C99-2566-47B7-8341-45E0F617ED2D}.Debug|Any CPU.Build.0 = Debug|Any CPU
		{FA0E3C99-2566-47B7-8341-45E0F617ED2D}.Release|Any CPU.ActiveCfg = Release|Any CPU
		{FA0E3C99-2566-47B7-8341-45E0F617ED2D}.Release|Any CPU.Build.0 = Release|Any CPU
		{9F107BB1-82CF-4C34-95DE-EAF2A38A8430}.Debug|Any CPU.ActiveCfg = Debug|Any CPU
		{9F107BB1-82CF-4C34-95DE-EAF2A38A8430}.Debug|Any CPU.Build.0 = Debug|Any CPU
		{9F107BB1-82CF-4C34-95DE-EAF2A38A8430}.Release|Any CPU.ActiveCfg = Release|Any CPU
		{9F107BB1-82CF-4C34-95DE-EAF2A38A8430}.Release|Any CPU.Build.0 = Release|Any CPU
	EndGlobalSection
	GlobalSection(SolutionProperties) = preSolution
		HideSolutionNode = FALSE
	EndGlobalSection
	GlobalSection(ExtensibilityGlobals) = postSolution
		SolutionGuid = {97EF9E67-3354-4C92-9A0B-70F0ACD6187D}
	EndGlobalSection
EndGlobal
